
Microsoft Visual Studio Solution File, Format Version 12.00
# Visual Studio Version 17
VisualStudioVersion = 17.2.32526.322
MinimumVisualStudioVersion = 10.0.40219.1
Project("{FAE04EC0-301F-11D3-BF4B-00C04F79EFBC}") = "LINQ-Beginner", "LINQ-Beginner\LINQ-Beginner.csproj", "{CC89E938-C620-484E-80D5-E8D4FF356B65}"
EndProject
Global
	GlobalSection(SolutionConfigurationPlatforms) = preSolution
		Debug|Any CPU = Debug|Any CPU
		Release|Any CPU = Release|Any CPU
	EndGlobalSection
	GlobalSection(ProjectConfigurationPlatforms) = postSolution
		{CC89E938-C620-484E-80D5-E8D4FF356B65}.Debug|Any CPU.ActiveCfg = Debug|Any CPU
		{CC89E938-C620-484E-80D5-E8D4FF356B65}.Debug|Any CPU.Build.0 = Debug|Any CPU
		{CC89E938-C620-484E-80D5-E8D4FF356B65}.Release|Any CPU.ActiveCfg = Release|Any CPU
		{CC89E938-C620-484E-80D5-E8D4FF356B65}.Release|Any CPU.Build.0 = Release|Any CPU
	EndGlobalSection
	GlobalSection(SolutionProperties) = preSolution
		HideSolutionNode = FALSE
	EndGlobalSection
	GlobalSection(ExtensibilityGlobals) = postSolution
		SolutionGuid = {65F3CB05-7F66-47E9-9B07-B0799CD1C0B5}
	EndGlobalSection
EndGlobal
