
Microsoft Visual Studio Solution File, Format Version 12.00
# Visual Studio Version 17
VisualStudioVersion = 17.2.32526.322
MinimumVisualStudioVersion = 10.0.40219.1
Project("{FAE04EC0-301F-11D3-BF4B-00C04F79EFBC}") = "LinQ-CRUD", "LinQ-CRUD\LinQ-CRUD.csproj", "{C7FD827F-04C1-4714-9838-C7FE84E4CE22}"
EndProject
Global
	GlobalSection(SolutionConfigurationPlatforms) = preSolution
		Debug|Any CPU = Debug|Any CPU
		Release|Any CPU = Release|Any CPU
	EndGlobalSection
	GlobalSection(ProjectConfigurationPlatforms) = postSolution
		{C7FD827F-04C1-4714-9838-C7FE84E4CE22}.Debug|Any CPU.ActiveCfg = Debug|Any CPU
		{C7FD827F-04C1-4714-9838-C7FE84E4CE22}.Debug|Any CPU.Build.0 = Debug|Any CPU
		{C7FD827F-04C1-4714-9838-C7FE84E4CE22}.Release|Any CPU.ActiveCfg = Release|Any CPU
		{C7FD827F-04C1-4714-9838-C7FE84E4CE22}.Release|Any CPU.Build.0 = Release|Any CPU
	EndGlobalSection
	GlobalSection(SolutionProperties) = preSolution
		HideSolutionNode = FALSE
	EndGlobalSection
	GlobalSection(ExtensibilityGlobals) = postSolution
		SolutionGuid = {9716CDC5-4D03-4364-BD05-BD8A6EC4BC63}
	EndGlobalSection
EndGlobal
