
Microsoft Visual Studio Solution File, Format Version 12.00
# Visual Studio Version 17
VisualStudioVersion = 17.2.32526.322
MinimumVisualStudioVersion = 10.0.40219.1
Project("{FAE04EC0-301F-11D3-BF4B-00C04F79EFBC}") = "PracticalCSharpExam", "PracticalCSharpExam\PracticalCSharpExam.csproj", "{5A9D019E-707D-49FB-A5A6-03B38755B63A}"
EndProject
Global
	GlobalSection(SolutionConfigurationPlatforms) = preSolution
		Debug|Any CPU = Debug|Any CPU
		Release|Any CPU = Release|Any CPU
	EndGlobalSection
	GlobalSection(ProjectConfigurationPlatforms) = postSolution
		{5A9D019E-707D-49FB-A5A6-03B38755B63A}.Debug|Any CPU.ActiveCfg = Debug|Any CPU
		{5A9D019E-707D-49FB-A5A6-03B38755B63A}.Debug|Any CPU.Build.0 = Debug|Any CPU
		{5A9D019E-707D-49FB-A5A6-03B38755B63A}.Release|Any CPU.ActiveCfg = Release|Any CPU
		{5A9D019E-707D-49FB-A5A6-03B38755B63A}.Release|Any CPU.Build.0 = Release|Any CPU
	EndGlobalSection
	GlobalSection(SolutionProperties) = preSolution
		HideSolutionNode = FALSE
	EndGlobalSection
	GlobalSection(ExtensibilityGlobals) = postSolution
		SolutionGuid = {3C8EE19D-E01F-4554-B3B7-A10317A22F91}
	EndGlobalSection
EndGlobal
